[[package]]
name = "serde"
version = "1.0.37"
source = "registry+https://github.com/rust-lang/crates.io-index"

[[package]]
name = "shtoml"
version = "0.1.0"
dependencies = [
 "toml 0.4.6 (registry+https://github.com/rust-lang/crates.io-index)",
]

[[package]]
name = "toml"
version = "0.4.6"
source = "registry+https://github.com/rust-lang/crates.io-index"
dependencies = [
 "serde 1.0.37 (registry+https://github.com/rust-lang/crates.io-index)",
]

[metadata]
"checksum serde 1.0.37 (registry+https://github.com/rust-lang/crates.io-index)" = "d3bcee660dcde8f52c3765dd9ca5ee36b4bf35470a738eb0bd5a8752b0389645"
"checksum toml 0.4.6 (registry+https://github.com/rust-lang/crates.io-index)" = "a0263c6c02c4db6c8f7681f9fd35e90de799ebd4cfdeab77a38f4ff6b3d8c0d9"
